
Microsoft Visual Studio Solution File, Format Version 12.00
# Visual Studio Version 17
VisualStudioVersion = 17.9.34622.214
MinimumVisualStudioVersion = 10.0.40219.1
Project("{FAE04EC0-301F-11D3-BF4B-00C04F79EFBC}") = "CPU SCHEDULING ALGORITHMS", "CPU SCHEDULING ALGORITHMS.csproj", "{68C17A96-107D-49BB-80CE-92B526BD144D}"
EndProject
Global
	GlobalSection(SolutionConfigurationPlatforms) = preSolution
		Debug|Any CPU = Debug|Any CPU
		Release|Any CPU = Release|Any CPU
	EndGlobalSection
	GlobalSection(ProjectConfigurationPlatforms) = postSolution
		{68C17A96-107D-49BB-80CE-92B526BD144D}.Debug|Any CPU.ActiveCfg = Debug|Any CPU
		{68C17A96-107D-49BB-80CE-92B526BD144D}.Debug|Any CPU.Build.0 = Debug|Any CPU
		{68C17A96-107D-49BB-80CE-92B526BD144D}.Release|Any CPU.ActiveCfg = Release|Any CPU
		{68C17A96-107D-49BB-80CE-92B526BD144D}.Release|Any CPU.Build.0 = Release|Any CPU
	EndGlobalSection
	GlobalSection(SolutionProperties) = preSolution
		HideSolutionNode = FALSE
	EndGlobalSection
	GlobalSection(ExtensibilityGlobals) = postSolution
		SolutionGuid = {7F8B9D98-4DF6-4D1B-A0DB-D6960742CD1E}
	EndGlobalSection
EndGlobal
